
Microsoft Visual Studio Solution File, Format Version 12.00
# Visual Studio Version 17
VisualStudioVersion = 17.4.33103.184
MinimumVisualStudioVersion = 10.0.40219.1
Project("{FAE04EC0-301F-11D3-BF4B-00C04F79EFBC}") = "ProjectManagement", "ProjectManagement.csproj", "{1A9A5423-D5C9-4C93-A733-3D8FEB25B4B9}"
EndProject
Project("{FAE04EC0-301F-11D3-BF4B-00C04F79EFBC}") = "Maytinhtuoithongminh", "..\Maytinhtuoithongminh\Maytinhtuoithongminh.csproj", "{86801A21-3890-4A01-9A74-848AC3787465}"
EndProject
Global
	GlobalSection(SolutionConfigurationPlatforms) = preSolution
		Debug|Any CPU = Debug|Any CPU
		Release|Any CPU = Release|Any CPU
	EndGlobalSection
	GlobalSection(ProjectConfigurationPlatforms) = postSolution
		{1A9A5423-D5C9-4C93-A733-3D8FEB25B4B9}.Debug|Any CPU.ActiveCfg = Debug|Any CPU
		{1A9A5423-D5C9-4C93-A733-3D8FEB25B4B9}.Debug|Any CPU.Build.0 = Debug|Any CPU
		{1A9A5423-D5C9-4C93-A733-3D8FEB25B4B9}.Release|Any CPU.ActiveCfg = Release|Any CPU
		{1A9A5423-D5C9-4C93-A733-3D8FEB25B4B9}.Release|Any CPU.Build.0 = Release|Any CPU
		{86801A21-3890-4A01-9A74-848AC3787465}.Debug|Any CPU.ActiveCfg = Debug|Any CPU
		{86801A21-3890-4A01-9A74-848AC3787465}.Debug|Any CPU.Build.0 = Debug|Any CPU
		{86801A21-3890-4A01-9A74-848AC3787465}.Release|Any CPU.ActiveCfg = Release|Any CPU
		{86801A21-3890-4A01-9A74-848AC3787465}.Release|Any CPU.Build.0 = Release|Any CPU
	EndGlobalSection
	GlobalSection(SolutionProperties) = preSolution
		HideSolutionNode = FALSE
	EndGlobalSection
	GlobalSection(ExtensibilityGlobals) = postSolution
		SolutionGuid = {1D1171DD-97DB-4DC3-AC7A-F413E153747A}
	EndGlobalSection
EndGlobal
